
Microsoft Visual Studio Solution File, Format Version 12.00
# Visual Studio Version 17
VisualStudioVersion = 17.13.35931.197
MinimumVisualStudioVersion = 10.0.40219.1
Project("{2150E333-8FDC-42A3-9474-1A3956D46DE8}") = "Solution Items", "Solution Items", "{ACA7C9EF-FD60-43C3-914B-A478795FFEFD}"
	ProjectSection(SolutionItems) = preProject
		.gitignore = .gitignore
		README.md = README.md
	EndProjectSection
EndProject
Project("{2150E333-8FDC-42A3-9474-1A3956D46DE8}") = "Base", "Base", "{062255F2-B6CD-47D0-9941-11F9F28D0206}"
EndProject
Project("{2150E333-8FDC-42A3-9474-1A3956D46DE8}") = "Apps", "Apps", "{1988A7DC-5CA6-4CBA-836A-904C01BCF56A}"
EndProject
Project("{FAE04EC0-301F-11D3-BF4B-00C04F79EFBC}") = "Standard", "Standard\Standard.csproj", "{55521F96-0E86-4661-891B-431228FD0A53}"
EndProject
Project("{FAE04EC0-301F-11D3-BF4B-00C04F79EFBC}") = "Designer", "Designer\Designer.csproj", "{7FF3DCFB-AD97-476B-BAF2-99DB42EA5BAF}"
EndProject
Project("{FAE04EC0-301F-11D3-BF4B-00C04F79EFBC}") = "Plugin", "Plugin\Plugin.csproj", "{40BC30FB-3FFB-4456-AAF4-AA9576B56D3F}"
EndProject
Project("{FAE04EC0-301F-11D3-BF4B-00C04F79EFBC}") = "SID-APP", "SID-APP\SID-APP.csproj", "{869190B9-F1F6-4BB2-ABF1-11772782AA7A}"
EndProject
Project("{2150E333-8FDC-42A3-9474-1A3956D46DE8}") = "Plugins", "Plugins", "{FDC50545-622E-44F1-843D-25E3CCC277CB}"
EndProject
Project("{FAE04EC0-301F-11D3-BF4B-00C04F79EFBC}") = "SID-Complex", "SID-Complex\SID-Complex.csproj", "{9A86970A-AE9E-47F6-B281-90D29B8B1107}"
EndProject
Project("{FAE04EC0-301F-11D3-BF4B-00C04F79EFBC}") = "SID-PGTemplate", "SID-PGTemplate\SID-PGTemplate.csproj", "{0569725A-9732-4067-8F73-5219AB9BF05A}"
EndProject
Project("{FAE04EC0-301F-11D3-BF4B-00C04F79EFBC}") = "SID-MSQL", "SID-MSQL\SID-MSQL.csproj", "{E8864B9A-6990-4A45-A530-FB60EDD8EED9}"
EndProject
Project("{FAE04EC0-301F-11D3-BF4B-00C04F79EFBC}") = "SID.TPM_ROCKWELL", "SID.TPM_ROCKWELL\SID.TPM_ROCKWELL.csproj", "{9FE2A598-77C7-46E8-98FC-30E9B03CF009}"
EndProject
Project("{FAE04EC0-301F-11D3-BF4B-00C04F79EFBC}") = "SID-ClickUp", "SID-ClickUp\SID-ClickUp.csproj", "{64481428-E6D2-4A1B-9FE4-20CBFA5295FC}"
EndProject
Project("{FAE04EC0-301F-11D3-BF4B-00C04F79EFBC}") = "SID-WEBAPI", "SID-WEBAPI\SID-WEBAPI.csproj", "{70F5BF6B-0C76-4834-A27F-0E43D971DF98}"
EndProject
Global
	GlobalSection(SolutionConfigurationPlatforms) = preSolution
		Debug|Any CPU = Debug|Any CPU
		Release|Any CPU = Release|Any CPU
	EndGlobalSection
	GlobalSection(ProjectConfigurationPlatforms) = postSolution
		{55521F96-0E86-4661-891B-431228FD0A53}.Debug|Any CPU.ActiveCfg = Debug|Any CPU
		{55521F96-0E86-4661-891B-431228FD0A53}.Debug|Any CPU.Build.0 = Debug|Any CPU
		{55521F96-0E86-4661-891B-431228FD0A53}.Release|Any CPU.ActiveCfg = Release|Any CPU
		{55521F96-0E86-4661-891B-431228FD0A53}.Release|Any CPU.Build.0 = Release|Any CPU
		{7FF3DCFB-AD97-476B-BAF2-99DB42EA5BAF}.Debug|Any CPU.ActiveCfg = Debug|Any CPU
		{7FF3DCFB-AD97-476B-BAF2-99DB42EA5BAF}.Debug|Any CPU.Build.0 = Debug|Any CPU
		{7FF3DCFB-AD97-476B-BAF2-99DB42EA5BAF}.Release|Any CPU.ActiveCfg = Release|Any CPU
		{7FF3DCFB-AD97-476B-BAF2-99DB42EA5BAF}.Release|Any CPU.Build.0 = Release|Any CPU
		{40BC30FB-3FFB-4456-AAF4-AA9576B56D3F}.Debug|Any CPU.ActiveCfg = Debug|Any CPU
		{40BC30FB-3FFB-4456-AAF4-AA9576B56D3F}.Debug|Any CPU.Build.0 = Debug|Any CPU
		{40BC30FB-3FFB-4456-AAF4-AA9576B56D3F}.Release|Any CPU.ActiveCfg = Release|Any CPU
		{40BC30FB-3FFB-4456-AAF4-AA9576B56D3F}.Release|Any CPU.Build.0 = Release|Any CPU
		{869190B9-F1F6-4BB2-ABF1-11772782AA7A}.Debug|Any CPU.ActiveCfg = Debug|Any CPU
		{869190B9-F1F6-4BB2-ABF1-11772782AA7A}.Debug|Any CPU.Build.0 = Debug|Any CPU
		{869190B9-F1F6-4BB2-ABF1-11772782AA7A}.Release|Any CPU.ActiveCfg = Release|Any CPU
		{869190B9-F1F6-4BB2-ABF1-11772782AA7A}.Release|Any CPU.Build.0 = Release|Any CPU
		{9A86970A-AE9E-47F6-B281-90D29B8B1107}.Debug|Any CPU.ActiveCfg = Debug|Any CPU
		{9A86970A-AE9E-47F6-B281-90D29B8B1107}.Debug|Any CPU.Build.0 = Debug|Any CPU
		{9A86970A-AE9E-47F6-B281-90D29B8B1107}.Release|Any CPU.ActiveCfg = Release|Any CPU
		{9A86970A-AE9E-47F6-B281-90D29B8B1107}.Release|Any CPU.Build.0 = Release|Any CPU
		{0569725A-9732-4067-8F73-5219AB9BF05A}.Debug|Any CPU.ActiveCfg = Debug|Any CPU
		{0569725A-9732-4067-8F73-5219AB9BF05A}.Debug|Any CPU.Build.0 = Debug|Any CPU
		{0569725A-9732-4067-8F73-5219AB9BF05A}.Release|Any CPU.ActiveCfg = Release|Any CPU
		{0569725A-9732-4067-8F73-5219AB9BF05A}.Release|Any CPU.Build.0 = Release|Any CPU
		{E8864B9A-6990-4A45-A530-FB60EDD8EED9}.Debug|Any CPU.ActiveCfg = Debug|Any CPU
		{E8864B9A-6990-4A45-A530-FB60EDD8EED9}.Debug|Any CPU.Build.0 = Debug|Any CPU
		{E8864B9A-6990-4A45-A530-FB60EDD8EED9}.Release|Any CPU.ActiveCfg = Release|Any CPU
		{E8864B9A-6990-4A45-A530-FB60EDD8EED9}.Release|Any CPU.Build.0 = Release|Any CPU
		{9FE2A598-77C7-46E8-98FC-30E9B03CF009}.Debug|Any CPU.ActiveCfg = Debug|Any CPU
		{9FE2A598-77C7-46E8-98FC-30E9B03CF009}.Debug|Any CPU.Build.0 = Debug|Any CPU
		{9FE2A598-77C7-46E8-98FC-30E9B03CF009}.Release|Any CPU.ActiveCfg = Release|Any CPU
		{9FE2A598-77C7-46E8-98FC-30E9B03CF009}.Release|Any CPU.Build.0 = Release|Any CPU
		{64481428-E6D2-4A1B-9FE4-20CBFA5295FC}.Debug|Any CPU.ActiveCfg = Debug|Any CPU
		{64481428-E6D2-4A1B-9FE4-20CBFA5295FC}.Debug|Any CPU.Build.0 = Debug|Any CPU
		{64481428-E6D2-4A1B-9FE4-20CBFA5295FC}.Release|Any CPU.ActiveCfg = Release|Any CPU
		{64481428-E6D2-4A1B-9FE4-20CBFA5295FC}.Release|Any CPU.Build.0 = Release|Any CPU
		{70F5BF6B-0C76-4834-A27F-0E43D971DF98}.Debug|Any CPU.ActiveCfg = Debug|Any CPU
		{70F5BF6B-0C76-4834-A27F-0E43D971DF98}.Debug|Any CPU.Build.0 = Debug|Any CPU
		{70F5BF6B-0C76-4834-A27F-0E43D971DF98}.Release|Any CPU.ActiveCfg = Release|Any CPU
		{70F5BF6B-0C76-4834-A27F-0E43D971DF98}.Release|Any CPU.Build.0 = Release|Any CPU
	EndGlobalSection
	GlobalSection(SolutionProperties) = preSolution
		HideSolutionNode = FALSE
	EndGlobalSection
	GlobalSection(NestedProjects) = preSolution
		{55521F96-0E86-4661-891B-431228FD0A53} = {062255F2-B6CD-47D0-9941-11F9F28D0206}
		{7FF3DCFB-AD97-476B-BAF2-99DB42EA5BAF} = {062255F2-B6CD-47D0-9941-11F9F28D0206}
		{40BC30FB-3FFB-4456-AAF4-AA9576B56D3F} = {062255F2-B6CD-47D0-9941-11F9F28D0206}
		{869190B9-F1F6-4BB2-ABF1-11772782AA7A} = {1988A7DC-5CA6-4CBA-836A-904C01BCF56A}
		{9A86970A-AE9E-47F6-B281-90D29B8B1107} = {FDC50545-622E-44F1-843D-25E3CCC277CB}
		{0569725A-9732-4067-8F73-5219AB9BF05A} = {FDC50545-622E-44F1-843D-25E3CCC277CB}
		{E8864B9A-6990-4A45-A530-FB60EDD8EED9} = {FDC50545-622E-44F1-843D-25E3CCC277CB}
		{9FE2A598-77C7-46E8-98FC-30E9B03CF009} = {FDC50545-622E-44F1-843D-25E3CCC277CB}
		{64481428-E6D2-4A1B-9FE4-20CBFA5295FC} = {FDC50545-622E-44F1-843D-25E3CCC277CB}
		{70F5BF6B-0C76-4834-A27F-0E43D971DF98} = {1988A7DC-5CA6-4CBA-836A-904C01BCF56A}
	EndGlobalSection
	GlobalSection(ExtensibilityGlobals) = postSolution
		SolutionGuid = {965CE520-0456-418E-A7CD-B79A1061A37B}
	EndGlobalSection
EndGlobal
